{
  "originHash" : "8ba5fa216704df79cbf954c72fea4e22cd0487e0258b852935ff6cb83e979abd",
  "pins" : [
    {
      "identity" : "musap-ios-package",
      "kind" : "remoteSourceControl",
      "location" : "https://github.com/methics/musap-ios-package",
      "state" : {
        "branch" : "d4",
        "revision" : "e241e6d7563b26b2f5d849580762b9ae834c8243"
      }
    },
    {
      "identity" : "yubikit-ios",
      "kind" : "remoteSourceControl",
      "location" : "https://github.com/Yubico/yubikit-ios",
      "state" : {
        "revision" : "02403a2384997c64b84a967c8f587e86fc1e605d",
        "version" : "4.4.0"
      }
    }
  ],
  "version" : 3
}
