{
  "originHash" : "8ba5fa216704df79cbf954c72fea4e22cd0487e0258b852935ff6cb83e979abd",
  "pins" : [
    {
      "identity" : "musap-ios-package",
      "kind" : "remoteSourceControl",
      "location" : "https://github.com/methics/musap-ios-package",
      "state" : {
        "branch" : "d4",
        "revision" : "d3b4f9ca5119dc5a09de50e3d243eda4a0ef4305"
      }
    },
    {
      "identity" : "yubikit-ios",
      "kind" : "remoteSourceControl",
      "location" : "https://github.com/Yubico/yubikit-ios",
      "state" : {
        "revision" : "02403a2384997c64b84a967c8f587e86fc1e605d",
        "version" : "4.4.0"
      }
    }
  ],
  "version" : 3
}
