{
  "pins" : [
    {
      "identity" : "musap-ios-package",
      "kind" : "remoteSourceControl",
      "location" : "https://github.com/methics/musap-ios-package",
      "state" : {
        "branch" : "main",
        "revision" : "c27506ad511637350d5439b66b698c443f3445c0"
      }
    },
    {
      "identity" : "yubikit-ios",
      "kind" : "remoteSourceControl",
      "location" : "https://github.com/Yubico/yubikit-ios",
      "state" : {
        "revision" : "02403a2384997c64b84a967c8f587e86fc1e605d",
        "version" : "4.4.0"
      }
    }
  ],
  "version" : 2
}
