// !$*UTF8*$!
{
	archiveVersion = 1;
	classes = {
	};
	objectVersion = 56;
	objects = {

/* Begin PBXBuildFile section */
		C40AEE882AF4F3E5006445EB /* KeyBindReq.swift in Sources */ = {isa = PBXBuildFile; fileRef = C40AEE872AF4F3E5006445EB /* KeyBindReq.swift */; };
		C40AEE8B2AF4FC18006445EB /* KeyAttribute.swift in Sources */ = {isa = PBXBuildFile; fileRef = C40AEE8A2AF4FC18006445EB /* KeyAttribute.swift */; };
		C40AEE8D2AF4FD30006445EB /* StepUpPolicy.swift in Sources */ = {isa = PBXBuildFile; fileRef = C40AEE8C2AF4FD30006445EB /* StepUpPolicy.swift */; };
		C40AEE8F2AF50041006445EB /* MusapKey.swift in Sources */ = {isa = PBXBuildFile; fileRef = C40AEE8E2AF50041006445EB /* MusapKey.swift */; };
		C40AEE932AF50BED006445EB /* PublicKey.swift in Sources */ = {isa = PBXBuildFile; fileRef = C40AEE922AF50BED006445EB /* PublicKey.swift */; };
		C40AEE962AF50D22006445EB /* KeyGenReq.swift in Sources */ = {isa = PBXBuildFile; fileRef = C40AEE952AF50D22006445EB /* KeyGenReq.swift */; };
		C40AEE9A2AF50EB7006445EB /* SignatureReq.swift in Sources */ = {isa = PBXBuildFile; fileRef = C40AEE992AF50EB7006445EB /* SignatureReq.swift */; };
		C40AEE9C2AF50F26006445EB /* SignatureAlgorithm.swift in Sources */ = {isa = PBXBuildFile; fileRef = C40AEE9B2AF50F26006445EB /* SignatureAlgorithm.swift */; };
		C40AEE9E2AF50F4C006445EB /* SignatureFormat.swift in Sources */ = {isa = PBXBuildFile; fileRef = C40AEE9D2AF50F4C006445EB /* SignatureFormat.swift */; };
		C40AEEA02AF51000006445EB /* MusapSscd.swift in Sources */ = {isa = PBXBuildFile; fileRef = C40AEE9F2AF51000006445EB /* MusapSscd.swift */; };
		C42FFEDA2AF8F388004CEB5E /* GenerateKeyTask.swift in Sources */ = {isa = PBXBuildFile; fileRef = C42FFED92AF8F388004CEB5E /* GenerateKeyTask.swift */; };
		C42FFEDC2AF8F4FC004CEB5E /* MetadataStorage.swift in Sources */ = {isa = PBXBuildFile; fileRef = C42FFEDB2AF8F4FC004CEB5E /* MetadataStorage.swift */; };
		C4409ABF2AF9119E0068B793 /* SecureEnclaveSettings.swift in Sources */ = {isa = PBXBuildFile; fileRef = C4409ABE2AF9119E0068B793 /* SecureEnclaveSettings.swift */; };
		C4409AC12AF912EA0068B793 /* SecureEnclaveSscd.swift in Sources */ = {isa = PBXBuildFile; fileRef = C4409AC02AF912EA0068B793 /* SecureEnclaveSscd.swift */; };
		C4409AC52AF924AD0068B793 /* KeyURI.swift in Sources */ = {isa = PBXBuildFile; fileRef = C4409AC42AF924AD0068B793 /* KeyURI.swift */; };
		C44494E62AF3985200D8096C /* EnterPinView.swift in Sources */ = {isa = PBXBuildFile; fileRef = C44494E52AF3985200D8096C /* EnterPinView.swift */; };
		C44494E82AF3B1F300D8096C /* ChooseKeyForSigningView.swift in Sources */ = {isa = PBXBuildFile; fileRef = C44494E72AF3B1F300D8096C /* ChooseKeyForSigningView.swift */; };
		C44494EA2AF3B89C00D8096C /* ConfirmSignView.swift in Sources */ = {isa = PBXBuildFile; fileRef = C44494E92AF3B89C00D8096C /* ConfirmSignView.swift */; };
		C44B3AFF2AFBA30A002240EE /* KeyAlgorithm.swift in Sources */ = {isa = PBXBuildFile; fileRef = C44B3AFE2AFBA30A002240EE /* KeyAlgorithm.swift */; };
		C44B3B012AFBB7DA002240EE /* SignTask.swift in Sources */ = {isa = PBXBuildFile; fileRef = C44B3B002AFBB7DA002240EE /* SignTask.swift */; };
		C44B3B032AFBB963002240EE /* KeyDiscoveryAPI.swift in Sources */ = {isa = PBXBuildFile; fileRef = C44B3B022AFBB963002240EE /* KeyDiscoveryAPI.swift */; };
		C44B3B052AFBBA2C002240EE /* SscdSearchReq.swift in Sources */ = {isa = PBXBuildFile; fileRef = C44B3B042AFBBA2C002240EE /* SscdSearchReq.swift */; };
		C44B3B072AFBBADE002240EE /* KeySearchReq.swift in Sources */ = {isa = PBXBuildFile; fileRef = C44B3B062AFBBADE002240EE /* KeySearchReq.swift */; };
		C44CB1362AF4DF6300C15143 /* MusapClient.swift in Sources */ = {isa = PBXBuildFile; fileRef = C44CB1352AF4DF6300C15143 /* MusapClient.swift */; };
		C44CB1382AF4E01900C15143 /* MusapError.swift in Sources */ = {isa = PBXBuildFile; fileRef = C44CB1372AF4E01900C15143 /* MusapError.swift */; };
		C44CB13A2AF4E7A100C15143 /* MusapConstants.swift in Sources */ = {isa = PBXBuildFile; fileRef = C44CB1392AF4E7A100C15143 /* MusapConstants.swift */; };
		C44CB1422AF4F00D00C15143 /* SscdSettings.swift in Sources */ = {isa = PBXBuildFile; fileRef = C44CB1412AF4F00D00C15143 /* SscdSettings.swift */; };
		C44CB1442AF4F31F00C15143 /* MusapSscdProtocol.swift in Sources */ = {isa = PBXBuildFile; fileRef = C44CB1432AF4F31F00C15143 /* MusapSscdProtocol.swift */; };
		C4578BE42AFA19F100C0EABB /* MusapCertificate.swift in Sources */ = {isa = PBXBuildFile; fileRef = C4578BE32AFA19F100C0EABB /* MusapCertificate.swift */; };
		C4578BE62AFA1D1B00C0EABB /* MusapLoa.swift in Sources */ = {isa = PBXBuildFile; fileRef = C4578BE52AFA1D1B00C0EABB /* MusapLoa.swift */; };
		C4578BE82AFA222400C0EABB /* KeyAttestation.swift in Sources */ = {isa = PBXBuildFile; fileRef = C4578BE72AFA222400C0EABB /* KeyAttestation.swift */; };
		C4578BEA2AFA223800C0EABB /* MusapSignature.swift in Sources */ = {isa = PBXBuildFile; fileRef = C4578BE92AFA223800C0EABB /* MusapSignature.swift */; };
		C457E3BF2B04F9A200B49570 /* BindKeyTask.swift in Sources */ = {isa = PBXBuildFile; fileRef = C457E3BE2B04F9A200B49570 /* BindKeyTask.swift */; };
		C48293BA2B03861000FCEDD9 /* KeychainSscd.swift in Sources */ = {isa = PBXBuildFile; fileRef = C48293B92B03861000FCEDD9 /* KeychainSscd.swift */; };
		C48293BC2B03863500FCEDD9 /* KeychainSscdSettings.swift in Sources */ = {isa = PBXBuildFile; fileRef = C48293BB2B03863500FCEDD9 /* KeychainSscdSettings.swift */; };
		C4DBFFA92AF2504100253DE4 /* MUSAP_demo_app_ios.swift in Sources */ = {isa = PBXBuildFile; fileRef = C4DBFFA82AF2504100253DE4 /* MUSAP_demo_app_ios.swift */; };
		C4DBFFAB2AF2504100253DE4 /* HomeView.swift in Sources */ = {isa = PBXBuildFile; fileRef = C4DBFFAA2AF2504100253DE4 /* HomeView.swift */; };
		C4DBFFAD2AF2504200253DE4 /* Assets.xcassets in Resources */ = {isa = PBXBuildFile; fileRef = C4DBFFAC2AF2504200253DE4 /* Assets.xcassets */; };
		C4DBFFB02AF2504200253DE4 /* Preview Assets.xcassets in Resources */ = {isa = PBXBuildFile; fileRef = C4DBFFAF2AF2504200253DE4 /* Preview Assets.xcassets */; };
		C4DBFFBA2AF2504300253DE4 /* MUSAP_demo_app_iosTests.swift in Sources */ = {isa = PBXBuildFile; fileRef = C4DBFFB92AF2504300253DE4 /* MUSAP_demo_app_iosTests.swift */; };
		C4DBFFC42AF2504300253DE4 /* MUSAP_demo_app_iosUITests.swift in Sources */ = {isa = PBXBuildFile; fileRef = C4DBFFC32AF2504300253DE4 /* MUSAP_demo_app_iosUITests.swift */; };
		C4DBFFC62AF2504300253DE4 /* MUSAP_demo_app_iosUITestsLaunchTests.swift in Sources */ = {isa = PBXBuildFile; fileRef = C4DBFFC52AF2504300253DE4 /* MUSAP_demo_app_iosUITestsLaunchTests.swift */; };
		C4DBFFD82AF25EA500253DE4 /* NavigationTabView.swift in Sources */ = {isa = PBXBuildFile; fileRef = C4DBFFD72AF25EA500253DE4 /* NavigationTabView.swift */; };
		C4DBFFDA2AF26CD800253DE4 /* KeystoreListView.swift in Sources */ = {isa = PBXBuildFile; fileRef = C4DBFFD92AF26CD800253DE4 /* KeystoreListView.swift */; };
		C4DBFFDC2AF26CF900253DE4 /* KeyGenerationView.swift in Sources */ = {isa = PBXBuildFile; fileRef = C4DBFFDB2AF26CF900253DE4 /* KeyGenerationView.swift */; };
		C4DBFFDE2AF26D0800253DE4 /* SigningView.swift in Sources */ = {isa = PBXBuildFile; fileRef = C4DBFFDD2AF26D0800253DE4 /* SigningView.swift */; };
		C4DBFFE02AF274DC00253DE4 /* Localizable.xcstrings in Resources */ = {isa = PBXBuildFile; fileRef = C4DBFFDF2AF274DC00253DE4 /* Localizable.xcstrings */; };
		C4DBFFE22AF28F9A00253DE4 /* KeystoreDetailView.swift in Sources */ = {isa = PBXBuildFile; fileRef = C4DBFFE12AF28F9A00253DE4 /* KeystoreDetailView.swift */; };
/* End PBXBuildFile section */

/* Begin PBXContainerItemProxy section */
		C4DBFFB62AF2504300253DE4 /* PBXContainerItemProxy */ = {
			isa = PBXContainerItemProxy;
			containerPortal = C4DBFF9D2AF2504100253DE4 /* Project object */;
			proxyType = 1;
			remoteGlobalIDString = C4DBFFA42AF2504100253DE4;
			remoteInfo = "MUSAP-demo-app-ios";
		};
		C4DBFFC02AF2504300253DE4 /* PBXContainerItemProxy */ = {
			isa = PBXContainerItemProxy;
			containerPortal = C4DBFF9D2AF2504100253DE4 /* Project object */;
			proxyType = 1;
			remoteGlobalIDString = C4DBFFA42AF2504100253DE4;
			remoteInfo = "MUSAP-demo-app-ios";
		};
/* End PBXContainerItemProxy section */

/* Begin PBXFileReference section */
		C40AEE872AF4F3E5006445EB /* KeyBindReq.swift */ = {isa = PBXFileReference; lastKnownFileType = sourcecode.swift; path = KeyBindReq.swift; sourceTree = "<group>"; };
		C40AEE8A2AF4FC18006445EB /* KeyAttribute.swift */ = {isa = PBXFileReference; lastKnownFileType = sourcecode.swift; path = KeyAttribute.swift; sourceTree = "<group>"; };
		C40AEE8C2AF4FD30006445EB /* StepUpPolicy.swift */ = {isa = PBXFileReference; lastKnownFileType = sourcecode.swift; path = StepUpPolicy.swift; sourceTree = "<group>"; };
		C40AEE8E2AF50041006445EB /* MusapKey.swift */ = {isa = PBXFileReference; lastKnownFileType = sourcecode.swift; path = MusapKey.swift; sourceTree = "<group>"; };
		C40AEE922AF50BED006445EB /* PublicKey.swift */ = {isa = PBXFileReference; lastKnownFileType = sourcecode.swift; path = PublicKey.swift; sourceTree = "<group>"; };
		C40AEE952AF50D22006445EB /* KeyGenReq.swift */ = {isa = PBXFileReference; lastKnownFileType = sourcecode.swift; path = KeyGenReq.swift; sourceTree = "<group>"; };
		C40AEE992AF50EB7006445EB /* SignatureReq.swift */ = {isa = PBXFileReference; lastKnownFileType = sourcecode.swift; path = SignatureReq.swift; sourceTree = "<group>"; };
		C40AEE9B2AF50F26006445EB /* SignatureAlgorithm.swift */ = {isa = PBXFileReference; lastKnownFileType = sourcecode.swift; path = SignatureAlgorithm.swift; sourceTree = "<group>"; };
		C40AEE9D2AF50F4C006445EB /* SignatureFormat.swift */ = {isa = PBXFileReference; lastKnownFileType = sourcecode.swift; path = SignatureFormat.swift; sourceTree = "<group>"; };
		C40AEE9F2AF51000006445EB /* MusapSscd.swift */ = {isa = PBXFileReference; lastKnownFileType = sourcecode.swift; path = MusapSscd.swift; sourceTree = "<group>"; };
		C42FFED92AF8F388004CEB5E /* GenerateKeyTask.swift */ = {isa = PBXFileReference; lastKnownFileType = sourcecode.swift; path = GenerateKeyTask.swift; sourceTree = "<group>"; };
		C42FFEDB2AF8F4FC004CEB5E /* MetadataStorage.swift */ = {isa = PBXFileReference; lastKnownFileType = sourcecode.swift; path = MetadataStorage.swift; sourceTree = "<group>"; };
		C4409ABE2AF9119E0068B793 /* SecureEnclaveSettings.swift */ = {isa = PBXFileReference; lastKnownFileType = sourcecode.swift; path = SecureEnclaveSettings.swift; sourceTree = "<group>"; };
		C4409AC02AF912EA0068B793 /* SecureEnclaveSscd.swift */ = {isa = PBXFileReference; lastKnownFileType = sourcecode.swift; path = SecureEnclaveSscd.swift; sourceTree = "<group>"; wrapsLines = 1; };
		C4409AC42AF924AD0068B793 /* KeyURI.swift */ = {isa = PBXFileReference; lastKnownFileType = sourcecode.swift; path = KeyURI.swift; sourceTree = "<group>"; };
		C44494E52AF3985200D8096C /* EnterPinView.swift */ = {isa = PBXFileReference; lastKnownFileType = sourcecode.swift; path = EnterPinView.swift; sourceTree = "<group>"; };
		C44494E72AF3B1F300D8096C /* ChooseKeyForSigningView.swift */ = {isa = PBXFileReference; lastKnownFileType = sourcecode.swift; path = ChooseKeyForSigningView.swift; sourceTree = "<group>"; };
		C44494E92AF3B89C00D8096C /* ConfirmSignView.swift */ = {isa = PBXFileReference; lastKnownFileType = sourcecode.swift; path = ConfirmSignView.swift; sourceTree = "<group>"; };
		C44B3AFD2AFB9E2C002240EE /* MUSAP-demo-app-ios.entitlements */ = {isa = PBXFileReference; lastKnownFileType = text.plist.entitlements; path = "MUSAP-demo-app-ios.entitlements"; sourceTree = "<group>"; };
		C44B3AFE2AFBA30A002240EE /* KeyAlgorithm.swift */ = {isa = PBXFileReference; lastKnownFileType = sourcecode.swift; path = KeyAlgorithm.swift; sourceTree = "<group>"; };
		C44B3B002AFBB7DA002240EE /* SignTask.swift */ = {isa = PBXFileReference; lastKnownFileType = sourcecode.swift; path = SignTask.swift; sourceTree = "<group>"; };
		C44B3B022AFBB963002240EE /* KeyDiscoveryAPI.swift */ = {isa = PBXFileReference; lastKnownFileType = sourcecode.swift; path = KeyDiscoveryAPI.swift; sourceTree = "<group>"; };
		C44B3B042AFBBA2C002240EE /* SscdSearchReq.swift */ = {isa = PBXFileReference; lastKnownFileType = sourcecode.swift; path = SscdSearchReq.swift; sourceTree = "<group>"; };
		C44B3B062AFBBADE002240EE /* KeySearchReq.swift */ = {isa = PBXFileReference; lastKnownFileType = sourcecode.swift; path = KeySearchReq.swift; sourceTree = "<group>"; };
		C44CB1352AF4DF6300C15143 /* MusapClient.swift */ = {isa = PBXFileReference; lastKnownFileType = sourcecode.swift; path = MusapClient.swift; sourceTree = "<group>"; };
		C44CB1372AF4E01900C15143 /* MusapError.swift */ = {isa = PBXFileReference; lastKnownFileType = sourcecode.swift; path = MusapError.swift; sourceTree = "<group>"; };
		C44CB1392AF4E7A100C15143 /* MusapConstants.swift */ = {isa = PBXFileReference; lastKnownFileType = sourcecode.swift; path = MusapConstants.swift; sourceTree = "<group>"; };
		C44CB1412AF4F00D00C15143 /* SscdSettings.swift */ = {isa = PBXFileReference; lastKnownFileType = sourcecode.swift; path = SscdSettings.swift; sourceTree = "<group>"; };
		C44CB1432AF4F31F00C15143 /* MusapSscdProtocol.swift */ = {isa = PBXFileReference; lastKnownFileType = sourcecode.swift; path = MusapSscdProtocol.swift; sourceTree = "<group>"; };
		C4578BE32AFA19F100C0EABB /* MusapCertificate.swift */ = {isa = PBXFileReference; lastKnownFileType = sourcecode.swift; path = MusapCertificate.swift; sourceTree = "<group>"; };
		C4578BE52AFA1D1B00C0EABB /* MusapLoa.swift */ = {isa = PBXFileReference; lastKnownFileType = sourcecode.swift; path = MusapLoa.swift; sourceTree = "<group>"; };
		C4578BE72AFA222400C0EABB /* KeyAttestation.swift */ = {isa = PBXFileReference; lastKnownFileType = sourcecode.swift; path = KeyAttestation.swift; sourceTree = "<group>"; };
		C4578BE92AFA223800C0EABB /* MusapSignature.swift */ = {isa = PBXFileReference; lastKnownFileType = sourcecode.swift; path = MusapSignature.swift; sourceTree = "<group>"; };
		C457E3BE2B04F9A200B49570 /* BindKeyTask.swift */ = {isa = PBXFileReference; lastKnownFileType = sourcecode.swift; path = BindKeyTask.swift; sourceTree = "<group>"; };
		C48293B92B03861000FCEDD9 /* KeychainSscd.swift */ = {isa = PBXFileReference; lastKnownFileType = sourcecode.swift; path = KeychainSscd.swift; sourceTree = "<group>"; };
		C48293BB2B03863500FCEDD9 /* KeychainSscdSettings.swift */ = {isa = PBXFileReference; lastKnownFileType = sourcecode.swift; path = KeychainSscdSettings.swift; sourceTree = "<group>"; };
		C4DBFFA52AF2504100253DE4 /* MUSAP-demo-app-ios.app */ = {isa = PBXFileReference; explicitFileType = wrapper.application; includeInIndex = 0; path = "MUSAP-demo-app-ios.app"; sourceTree = BUILT_PRODUCTS_DIR; };
		C4DBFFA82AF2504100253DE4 /* MUSAP_demo_app_ios.swift */ = {isa = PBXFileReference; lastKnownFileType = sourcecode.swift; path = MUSAP_demo_app_ios.swift; sourceTree = "<group>"; };
		C4DBFFAA2AF2504100253DE4 /* HomeView.swift */ = {isa = PBXFileReference; lastKnownFileType = sourcecode.swift; path = HomeView.swift; sourceTree = "<group>"; };
		C4DBFFAC2AF2504200253DE4 /* Assets.xcassets */ = {isa = PBXFileReference; lastKnownFileType = folder.assetcatalog; path = Assets.xcassets; sourceTree = "<group>"; };
		C4DBFFAF2AF2504200253DE4 /* Preview Assets.xcassets */ = {isa = PBXFileReference; lastKnownFileType = folder.assetcatalog; path = "Preview Assets.xcassets"; sourceTree = "<group>"; };
		C4DBFFB52AF2504300253DE4 /* MUSAP-demo-app-iosTests.xctest */ = {isa = PBXFileReference; explicitFileType = wrapper.cfbundle; includeInIndex = 0; path = "MUSAP-demo-app-iosTests.xctest"; sourceTree = BUILT_PRODUCTS_DIR; };
		C4DBFFB92AF2504300253DE4 /* MUSAP_demo_app_iosTests.swift */ = {isa = PBXFileReference; lastKnownFileType = sourcecode.swift; path = MUSAP_demo_app_iosTests.swift; sourceTree = "<group>"; };
		C4DBFFBF2AF2504300253DE4 /* MUSAP-demo-app-iosUITests.xctest */ = {isa = PBXFileReference; explicitFileType = wrapper.cfbundle; includeInIndex = 0; path = "MUSAP-demo-app-iosUITests.xctest"; sourceTree = BUILT_PRODUCTS_DIR; };
		C4DBFFC32AF2504300253DE4 /* MUSAP_demo_app_iosUITests.swift */ = {isa = PBXFileReference; lastKnownFileType = sourcecode.swift; path = MUSAP_demo_app_iosUITests.swift; sourceTree = "<group>"; };
		C4DBFFC52AF2504300253DE4 /* MUSAP_demo_app_iosUITestsLaunchTests.swift */ = {isa = PBXFileReference; lastKnownFileType = sourcecode.swift; path = MUSAP_demo_app_iosUITestsLaunchTests.swift; sourceTree = "<group>"; };
		C4DBFFD22AF2513400253DE4 /* Info.plist */ = {isa = PBXFileReference; lastKnownFileType = text.plist; path = Info.plist; sourceTree = "<group>"; };
		C4DBFFD72AF25EA500253DE4 /* NavigationTabView.swift */ = {isa = PBXFileReference; lastKnownFileType = sourcecode.swift; path = NavigationTabView.swift; sourceTree = "<group>"; };
		C4DBFFD92AF26CD800253DE4 /* KeystoreListView.swift */ = {isa = PBXFileReference; lastKnownFileType = sourcecode.swift; path = KeystoreListView.swift; sourceTree = "<group>"; };
		C4DBFFDB2AF26CF900253DE4 /* KeyGenerationView.swift */ = {isa = PBXFileReference; lastKnownFileType = sourcecode.swift; path = KeyGenerationView.swift; sourceTree = "<group>"; };
		C4DBFFDD2AF26D0800253DE4 /* SigningView.swift */ = {isa = PBXFileReference; lastKnownFileType = sourcecode.swift; path = SigningView.swift; sourceTree = "<group>"; };
		C4DBFFDF2AF274DC00253DE4 /* Localizable.xcstrings */ = {isa = PBXFileReference; lastKnownFileType = text.json.xcstrings; path = Localizable.xcstrings; sourceTree = "<group>"; };
		C4DBFFE12AF28F9A00253DE4 /* KeystoreDetailView.swift */ = {isa = PBXFileReference; lastKnownFileType = sourcecode.swift; path = KeystoreDetailView.swift; sourceTree = "<group>"; };
/* End PBXFileReference section */

/* Begin PBXFrameworksBuildPhase section */
		C4DBFFA22AF2504100253DE4 /* Frameworks */ = {
			isa = PBXFrameworksBuildPhase;
			buildActionMask = 2147483647;
			files = (
			);
			runOnlyForDeploymentPostprocessing = 0;
		};
		C4DBFFB22AF2504300253DE4 /* Frameworks */ = {
			isa = PBXFrameworksBuildPhase;
			buildActionMask = 2147483647;
			files = (
			);
			runOnlyForDeploymentPostprocessing = 0;
		};
		C4DBFFBC2AF2504300253DE4 /* Frameworks */ = {
			isa = PBXFrameworksBuildPhase;
			buildActionMask = 2147483647;
			files = (
			);
			runOnlyForDeploymentPostprocessing = 0;
		};
/* End PBXFrameworksBuildPhase section */

/* Begin PBXGroup section */
		C40AEE892AF4FC0B006445EB /* datatype */ = {
			isa = PBXGroup;
			children = (
				C40AEE8A2AF4FC18006445EB /* KeyAttribute.swift */,
				C40AEE8C2AF4FD30006445EB /* StepUpPolicy.swift */,
				C40AEE8E2AF50041006445EB /* MusapKey.swift */,
				C40AEE922AF50BED006445EB /* PublicKey.swift */,
				C4578BE92AFA223800C0EABB /* MusapSignature.swift */,
				C4578BE32AFA19F100C0EABB /* MusapCertificate.swift */,
				C40AEE9B2AF50F26006445EB /* SignatureAlgorithm.swift */,
				C4578BE72AFA222400C0EABB /* KeyAttestation.swift */,
				C40AEE9D2AF50F4C006445EB /* SignatureFormat.swift */,
				C40AEE9F2AF51000006445EB /* MusapSscd.swift */,
				C44B3AFE2AFBA30A002240EE /* KeyAlgorithm.swift */,
				C4409AC42AF924AD0068B793 /* KeyURI.swift */,
				C4578BE52AFA1D1B00C0EABB /* MusapLoa.swift */,
			);
			path = datatype;
			sourceTree = "<group>";
		};
		C40AEE942AF50D13006445EB /* keygeneration */ = {
			isa = PBXGroup;
			children = (
				C40AEE952AF50D22006445EB /* KeyGenReq.swift */,
			);
			path = keygeneration;
			sourceTree = "<group>";
		};
		C40AEE982AF50EAA006445EB /* sign */ = {
			isa = PBXGroup;
			children = (
				C40AEE992AF50EB7006445EB /* SignatureReq.swift */,
			);
			path = sign;
			sourceTree = "<group>";
		};
		C41FA6022AFE0F2E0060A0FD /* signing */ = {
			isa = PBXGroup;
			children = (
				C4DBFFDD2AF26D0800253DE4 /* SigningView.swift */,
				C44494E92AF3B89C00D8096C /* ConfirmSignView.swift */,
				C44494E72AF3B1F300D8096C /* ChooseKeyForSigningView.swift */,
			);
			path = signing;
			sourceTree = "<group>";
		};
		C42FFED82AF8F2D5004CEB5E /* async */ = {
			isa = PBXGroup;
			children = (
				C42FFED92AF8F388004CEB5E /* GenerateKeyTask.swift */,
				C44B3B002AFBB7DA002240EE /* SignTask.swift */,
				C457E3BE2B04F9A200B49570 /* BindKeyTask.swift */,
			);
			path = async;
			sourceTree = "<group>";
		};
		C42FFEDD2AF91141004CEB5E /* sscd */ = {
			isa = PBXGroup;
			children = (
				C48293B82B0385FE00FCEDD9 /* keychain */,
				C42FFEDE2AF9116B004CEB5E /* secure-enclave */,
			);
			path = sscd;
			sourceTree = "<group>";
		};
		C42FFEDE2AF9116B004CEB5E /* secure-enclave */ = {
			isa = PBXGroup;
			children = (
				C4409ABE2AF9119E0068B793 /* SecureEnclaveSettings.swift */,
				C4409AC02AF912EA0068B793 /* SecureEnclaveSscd.swift */,
			);
			path = "secure-enclave";
			sourceTree = "<group>";
		};
		C44CB1332AF4DD1E00C15143 /* sdk */ = {
			isa = PBXGroup;
			children = (
				C42FFEDD2AF91141004CEB5E /* sscd */,
				C44CB1452AF4F37F00C15143 /* internal */,
				C44CB1402AF4EFEE00C15143 /* extension */,
				C44CB1342AF4DF4400C15143 /* api */,
			);
			path = sdk;
			sourceTree = "<group>";
		};
		C44CB1342AF4DF4400C15143 /* api */ = {
			isa = PBXGroup;
			children = (
				C44CB1352AF4DF6300C15143 /* MusapClient.swift */,
				C44CB1372AF4E01900C15143 /* MusapError.swift */,
				C44CB1392AF4E7A100C15143 /* MusapConstants.swift */,
			);
			path = api;
			sourceTree = "<group>";
		};
		C44CB1402AF4EFEE00C15143 /* extension */ = {
			isa = PBXGroup;
			children = (
				C44CB1412AF4F00D00C15143 /* SscdSettings.swift */,
				C44CB1432AF4F31F00C15143 /* MusapSscdProtocol.swift */,
			);
			path = extension;
			sourceTree = "<group>";
		};
		C44CB1452AF4F37F00C15143 /* internal */ = {
			isa = PBXGroup;
			children = (
				C42FFED82AF8F2D5004CEB5E /* async */,
				C40AEE982AF50EAA006445EB /* sign */,
				C40AEE942AF50D13006445EB /* keygeneration */,
				C40AEE892AF4FC0B006445EB /* datatype */,
				C44CB1462AF4F39500C15143 /* discovery */,
			);
			path = internal;
			sourceTree = "<group>";
		};
		C44CB1462AF4F39500C15143 /* discovery */ = {
			isa = PBXGroup;
			children = (
				C40AEE872AF4F3E5006445EB /* KeyBindReq.swift */,
				C42FFEDB2AF8F4FC004CEB5E /* MetadataStorage.swift */,
				C44B3B042AFBBA2C002240EE /* SscdSearchReq.swift */,
				C44B3B062AFBBADE002240EE /* KeySearchReq.swift */,
				C44B3B022AFBB963002240EE /* KeyDiscoveryAPI.swift */,
			);
			path = discovery;
			sourceTree = "<group>";
		};
		C48293B82B0385FE00FCEDD9 /* keychain */ = {
			isa = PBXGroup;
			children = (
				C48293B92B03861000FCEDD9 /* KeychainSscd.swift */,
				C48293BB2B03863500FCEDD9 /* KeychainSscdSettings.swift */,
			);
			path = keychain;
			sourceTree = "<group>";
		};
		C4DBFF9C2AF2504100253DE4 = {
			isa = PBXGroup;
			children = (
				C4DBFFA72AF2504100253DE4 /* MUSAP-demo-app-ios */,
				C4DBFFB82AF2504300253DE4 /* MUSAP-demo-app-iosTests */,
				C4DBFFC22AF2504300253DE4 /* MUSAP-demo-app-iosUITests */,
				C4DBFFA62AF2504100253DE4 /* Products */,
			);
			sourceTree = "<group>";
		};
		C4DBFFA62AF2504100253DE4 /* Products */ = {
			isa = PBXGroup;
			children = (
				C4DBFFA52AF2504100253DE4 /* MUSAP-demo-app-ios.app */,
				C4DBFFB52AF2504300253DE4 /* MUSAP-demo-app-iosTests.xctest */,
				C4DBFFBF2AF2504300253DE4 /* MUSAP-demo-app-iosUITests.xctest */,
			);
			name = Products;
			sourceTree = "<group>";
		};
		C4DBFFA72AF2504100253DE4 /* MUSAP-demo-app-ios */ = {
			isa = PBXGroup;
			children = (
				C44B3AFD2AFB9E2C002240EE /* MUSAP-demo-app-ios.entitlements */,
				C44CB1332AF4DD1E00C15143 /* sdk */,
				C4DBFFD62AF25AD100253DE4 /* Extensions */,
				C4DBFFD52AF25AC800253DE4 /* Services */,
				C4DBFFD42AF25ABE00253DE4 /* Models */,
				C4DBFFD32AF25A6600253DE4 /* Views */,
				C4DBFFD22AF2513400253DE4 /* Info.plist */,
				C4DBFFA82AF2504100253DE4 /* MUSAP_demo_app_ios.swift */,
				C4DBFFAC2AF2504200253DE4 /* Assets.xcassets */,
				C4DBFFAE2AF2504200253DE4 /* Preview Content */,
				C4DBFFDF2AF274DC00253DE4 /* Localizable.xcstrings */,
			);
			path = "MUSAP-demo-app-ios";
			sourceTree = "<group>";
		};
		C4DBFFAE2AF2504200253DE4 /* Preview Content */ = {
			isa = PBXGroup;
			children = (
				C4DBFFAF2AF2504200253DE4 /* Preview Assets.xcassets */,
			);
			path = "Preview Content";
			sourceTree = "<group>";
		};
		C4DBFFB82AF2504300253DE4 /* MUSAP-demo-app-iosTests */ = {
			isa = PBXGroup;
			children = (
				C4DBFFB92AF2504300253DE4 /* MUSAP_demo_app_iosTests.swift */,
			);
			path = "MUSAP-demo-app-iosTests";
			sourceTree = "<group>";
		};
		C4DBFFC22AF2504300253DE4 /* MUSAP-demo-app-iosUITests */ = {
			isa = PBXGroup;
			children = (
				C4DBFFC32AF2504300253DE4 /* MUSAP_demo_app_iosUITests.swift */,
				C4DBFFC52AF2504300253DE4 /* MUSAP_demo_app_iosUITestsLaunchTests.swift */,
			);
			path = "MUSAP-demo-app-iosUITests";
			sourceTree = "<group>";
		};
		C4DBFFD32AF25A6600253DE4 /* Views */ = {
			isa = PBXGroup;
			children = (
				C41FA6022AFE0F2E0060A0FD /* signing */,
				C4DBFFAA2AF2504100253DE4 /* HomeView.swift */,
				C4DBFFD72AF25EA500253DE4 /* NavigationTabView.swift */,
				C4DBFFD92AF26CD800253DE4 /* KeystoreListView.swift */,
				C4DBFFDB2AF26CF900253DE4 /* KeyGenerationView.swift */,
				C4DBFFE12AF28F9A00253DE4 /* KeystoreDetailView.swift */,
				C44494E52AF3985200D8096C /* EnterPinView.swift */,
			);
			path = Views;
			sourceTree = "<group>";
		};
		C4DBFFD42AF25ABE00253DE4 /* Models */ = {
			isa = PBXGroup;
			children = (
			);
			path = Models;
			sourceTree = "<group>";
		};
		C4DBFFD52AF25AC800253DE4 /* Services */ = {
			isa = PBXGroup;
			children = (
			);
			path = Services;
			sourceTree = "<group>";
		};
		C4DBFFD62AF25AD100253DE4 /* Extensions */ = {
			isa = PBXGroup;
			children = (
			);
			path = Extensions;
			sourceTree = "<group>";
		};
/* End PBXGroup section */

/* Begin PBXNativeTarget section */
		C4DBFFA42AF2504100253DE4 /* MUSAP-demo-app-ios */ = {
			isa = PBXNativeTarget;
			buildConfigurationList = C4DBFFC92AF2504300253DE4 /* Build configuration list for PBXNativeTarget "MUSAP-demo-app-ios" */;
			buildPhases = (
				C4DBFFA12AF2504100253DE4 /* Sources */,
				C4DBFFA22AF2504100253DE4 /* Frameworks */,
				C4DBFFA32AF2504100253DE4 /* Resources */,
			);
			buildRules = (
			);
			dependencies = (
			);
			name = "MUSAP-demo-app-ios";
			productName = "MUSAP-demo-app-ios";
			productReference = C4DBFFA52AF2504100253DE4 /* MUSAP-demo-app-ios.app */;
			productType = "com.apple.product-type.application";
		};
		C4DBFFB42AF2504300253DE4 /* MUSAP-demo-app-iosTests */ = {
			isa = PBXNativeTarget;
			buildConfigurationList = C4DBFFCC2AF2504300253DE4 /* Build configuration list for PBXNativeTarget "MUSAP-demo-app-iosTests" */;
			buildPhases = (
				C4DBFFB12AF2504300253DE4 /* Sources */,
				C4DBFFB22AF2504300253DE4 /* Frameworks */,
				C4DBFFB32AF2504300253DE4 /* Resources */,
			);
			buildRules = (
			);
			dependencies = (
				C4DBFFB72AF2504300253DE4 /* PBXTargetDependency */,
			);
			name = "MUSAP-demo-app-iosTests";
			productName = "MUSAP-demo-app-iosTests";
			productReference = C4DBFFB52AF2504300253DE4 /* MUSAP-demo-app-iosTests.xctest */;
			productType = "com.apple.product-type.bundle.unit-test";
		};
		C4DBFFBE2AF2504300253DE4 /* MUSAP-demo-app-iosUITests */ = {
			isa = PBXNativeTarget;
			buildConfigurationList = C4DBFFCF2AF2504300253DE4 /* Build configuration list for PBXNativeTarget "MUSAP-demo-app-iosUITests" */;
			buildPhases = (
				C4DBFFBB2AF2504300253DE4 /* Sources */,
				C4DBFFBC2AF2504300253DE4 /* Frameworks */,
				C4DBFFBD2AF2504300253DE4 /* Resources */,
			);
			buildRules = (
			);
			dependencies = (
				C4DBFFC12AF2504300253DE4 /* PBXTargetDependency */,
			);
			name = "MUSAP-demo-app-iosUITests";
			productName = "MUSAP-demo-app-iosUITests";
			productReference = C4DBFFBF2AF2504300253DE4 /* MUSAP-demo-app-iosUITests.xctest */;
			productType = "com.apple.product-type.bundle.ui-testing";
		};
/* End PBXNativeTarget section */

/* Begin PBXProject section */
		C4DBFF9D2AF2504100253DE4 /* Project object */ = {
			isa = PBXProject;
			attributes = {
				BuildIndependentTargetsInParallel = 1;
				LastSwiftUpdateCheck = 1500;
				LastUpgradeCheck = 1500;
				TargetAttributes = {
					C4DBFFA42AF2504100253DE4 = {
						CreatedOnToolsVersion = 15.0.1;
					};
					C4DBFFB42AF2504300253DE4 = {
						CreatedOnToolsVersion = 15.0.1;
						TestTargetID = C4DBFFA42AF2504100253DE4;
					};
					C4DBFFBE2AF2504300253DE4 = {
						CreatedOnToolsVersion = 15.0.1;
						TestTargetID = C4DBFFA42AF2504100253DE4;
					};
				};
			};
			buildConfigurationList = C4DBFFA02AF2504100253DE4 /* Build configuration list for PBXProject "MUSAP-demo-app-ios" */;
			compatibilityVersion = "Xcode 14.0";
			developmentRegion = en;
			hasScannedForEncodings = 0;
			knownRegions = (
				en,
				Base,
			);
			mainGroup = C4DBFF9C2AF2504100253DE4;
			productRefGroup = C4DBFFA62AF2504100253DE4 /* Products */;
			projectDirPath = "";
			projectRoot = "";
			targets = (
				C4DBFFA42AF2504100253DE4 /* MUSAP-demo-app-ios */,
				C4DBFFB42AF2504300253DE4 /* MUSAP-demo-app-iosTests */,
				C4DBFFBE2AF2504300253DE4 /* MUSAP-demo-app-iosUITests */,
			);
		};
/* End PBXProject section */

/* Begin PBXResourcesBuildPhase section */
		C4DBFFA32AF2504100253DE4 /* Resources */ = {
			isa = PBXResourcesBuildPhase;
			buildActionMask = 2147483647;
			files = (
				C4DBFFB02AF2504200253DE4 /* Preview Assets.xcassets in Resources */,
				C4DBFFAD2AF2504200253DE4 /* Assets.xcassets in Resources */,
				C4DBFFE02AF274DC00253DE4 /* Localizable.xcstrings in Resources */,
			);
			runOnlyForDeploymentPostprocessing = 0;
		};
		C4DBFFB32AF2504300253DE4 /* Resources */ = {
			isa = PBXResourcesBuildPhase;
			buildActionMask = 2147483647;
			files = (
			);
			runOnlyForDeploymentPostprocessing = 0;
		};
		C4DBFFBD2AF2504300253DE4 /* Resources */ = {
			isa = PBXResourcesBuildPhase;
			buildActionMask = 2147483647;
			files = (
			);
			runOnlyForDeploymentPostprocessing = 0;
		};
/* End PBXResourcesBuildPhase section */

/* Begin PBXSourcesBuildPhase section */
		C4DBFFA12AF2504100253DE4 /* Sources */ = {
			isa = PBXSourcesBuildPhase;
			buildActionMask = 2147483647;
			files = (
				C40AEE8D2AF4FD30006445EB /* StepUpPolicy.swift in Sources */,
				C42FFEDC2AF8F4FC004CEB5E /* MetadataStorage.swift in Sources */,
				C4DBFFDC2AF26CF900253DE4 /* KeyGenerationView.swift in Sources */,
				C4409AC12AF912EA0068B793 /* SecureEnclaveSscd.swift in Sources */,
				C4DBFFD82AF25EA500253DE4 /* NavigationTabView.swift in Sources */,
				C4DBFFDE2AF26D0800253DE4 /* SigningView.swift in Sources */,
				C4578BE62AFA1D1B00C0EABB /* MusapLoa.swift in Sources */,
				C4DBFFAB2AF2504100253DE4 /* HomeView.swift in Sources */,
				C44B3B032AFBB963002240EE /* KeyDiscoveryAPI.swift in Sources */,
				C4578BEA2AFA223800C0EABB /* MusapSignature.swift in Sources */,
				C48293BC2B03863500FCEDD9 /* KeychainSscdSettings.swift in Sources */,
				C4409ABF2AF9119E0068B793 /* SecureEnclaveSettings.swift in Sources */,
				C44CB13A2AF4E7A100C15143 /* MusapConstants.swift in Sources */,
				C44494EA2AF3B89C00D8096C /* ConfirmSignView.swift in Sources */,
				C44B3B072AFBBADE002240EE /* KeySearchReq.swift in Sources */,
				C44B3B052AFBBA2C002240EE /* SscdSearchReq.swift in Sources */,
				C40AEEA02AF51000006445EB /* MusapSscd.swift in Sources */,
				C4409AC52AF924AD0068B793 /* KeyURI.swift in Sources */,
				C44CB1362AF4DF6300C15143 /* MusapClient.swift in Sources */,
				C44CB1422AF4F00D00C15143 /* SscdSettings.swift in Sources */,
				C4DBFFDA2AF26CD800253DE4 /* KeystoreListView.swift in Sources */,
				C44B3AFF2AFBA30A002240EE /* KeyAlgorithm.swift in Sources */,
				C40AEE932AF50BED006445EB /* PublicKey.swift in Sources */,
				C40AEE882AF4F3E5006445EB /* KeyBindReq.swift in Sources */,
				C44494E82AF3B1F300D8096C /* ChooseKeyForSigningView.swift in Sources */,
				C44B3B012AFBB7DA002240EE /* SignTask.swift in Sources */,
				C40AEE8B2AF4FC18006445EB /* KeyAttribute.swift in Sources */,
				C4578BE82AFA222400C0EABB /* KeyAttestation.swift in Sources */,
				C44494E62AF3985200D8096C /* EnterPinView.swift in Sources */,
				C40AEE8F2AF50041006445EB /* MusapKey.swift in Sources */,
				C42FFEDA2AF8F388004CEB5E /* GenerateKeyTask.swift in Sources */,
				C48293BA2B03861000FCEDD9 /* KeychainSscd.swift in Sources */,
				C40AEE962AF50D22006445EB /* KeyGenReq.swift in Sources */,
				C4DBFFA92AF2504100253DE4 /* MUSAP_demo_app_ios.swift in Sources */,
				C40AEE9C2AF50F26006445EB /* SignatureAlgorithm.swift in Sources */,
				C457E3BF2B04F9A200B49570 /* BindKeyTask.swift in Sources */,
				C4578BE42AFA19F100C0EABB /* MusapCertificate.swift in Sources */,
				C40AEE9E2AF50F4C006445EB /* SignatureFormat.swift in Sources */,
				C4DBFFE22AF28F9A00253DE4 /* KeystoreDetailView.swift in Sources */,
				C40AEE9A2AF50EB7006445EB /* SignatureReq.swift in Sources */,
				C44CB1382AF4E01900C15143 /* MusapError.swift in Sources */,
				C44CB1442AF4F31F00C15143 /* MusapSscdProtocol.swift in Sources */,
			);
			runOnlyForDeploymentPostprocessing = 0;
		};
		C4DBFFB12AF2504300253DE4 /* Sources */ = {
			isa = PBXSourcesBuildPhase;
			buildActionMask = 2147483647;
			files = (
				C4DBFFBA2AF2504300253DE4 /* MUSAP_demo_app_iosTests.swift in Sources */,
			);
			runOnlyForDeploymentPostprocessing = 0;
		};
		C4DBFFBB2AF2504300253DE4 /* Sources */ = {
			isa = PBXSourcesBuildPhase;
			buildActionMask = 2147483647;
			files = (
				C4DBFFC62AF2504300253DE4 /* MUSAP_demo_app_iosUITestsLaunchTests.swift in Sources */,
				C4DBFFC42AF2504300253DE4 /* MUSAP_demo_app_iosUITests.swift in Sources */,
			);
			runOnlyForDeploymentPostprocessing = 0;
		};
/* End PBXSourcesBuildPhase section */

/* Begin PBXTargetDependency section */
		C4DBFFB72AF2504300253DE4 /* PBXTargetDependency */ = {
			isa = PBXTargetDependency;
			target = C4DBFFA42AF2504100253DE4 /* MUSAP-demo-app-ios */;
			targetProxy = C4DBFFB62AF2504300253DE4 /* PBXContainerItemProxy */;
		};
		C4DBFFC12AF2504300253DE4 /* PBXTargetDependency */ = {
			isa = PBXTargetDependency;
			target = C4DBFFA42AF2504100253DE4 /* MUSAP-demo-app-ios */;
			targetProxy = C4DBFFC02AF2504300253DE4 /* PBXContainerItemProxy */;
		};
/* End PBXTargetDependency section */

/* Begin XCBuildConfiguration section */
		C4DBFFC72AF2504300253DE4 /* Debug */ = {
			isa = XCBuildConfiguration;
			buildSettings = {
				ALWAYS_SEARCH_USER_PATHS = NO;
				ASSETCATALOG_COMPILER_GENERATE_SWIFT_ASSET_SYMBOL_EXTENSIONS = YES;
				CLANG_ANALYZER_NONNULL = YES;
				CLANG_ANALYZER_NUMBER_OBJECT_CONVERSION = YES_AGGRESSIVE;
				CLANG_CXX_LANGUAGE_STANDARD = "gnu++20";
				CLANG_ENABLE_MODULES = YES;
				CLANG_ENABLE_OBJC_ARC = YES;
				CLANG_ENABLE_OBJC_WEAK = YES;
				CLANG_WARN_BLOCK_CAPTURE_AUTORELEASING = YES;
				CLANG_WARN_BOOL_CONVERSION = YES;
				CLANG_WARN_COMMA = YES;
				CLANG_WARN_CONSTANT_CONVERSION = YES;
				CLANG_WARN_DEPRECATED_OBJC_IMPLEMENTATIONS = YES;
				CLANG_WARN_DIRECT_OBJC_ISA_USAGE = YES_ERROR;
				CLANG_WARN_DOCUMENTATION_COMMENTS = YES;
				CLANG_WARN_EMPTY_BODY = YES;
				CLANG_WARN_ENUM_CONVERSION = YES;
				CLANG_WARN_INFINITE_RECURSION = YES;
				CLANG_WARN_INT_CONVERSION = YES;
				CLANG_WARN_NON_LITERAL_NULL_CONVERSION = YES;
				CLANG_WARN_OBJC_IMPLICIT_RETAIN_SELF = YES;
				CLANG_WARN_OBJC_LITERAL_CONVERSION = YES;
				CLANG_WARN_OBJC_ROOT_CLASS = YES_ERROR;
				CLANG_WARN_QUOTED_INCLUDE_IN_FRAMEWORK_HEADER = YES;
				CLANG_WARN_RANGE_LOOP_ANALYSIS = YES;
				CLANG_WARN_STRICT_PROTOTYPES = YES;
				CLANG_WARN_SUSPICIOUS_MOVE = YES;
				CLANG_WARN_UNGUARDED_AVAILABILITY = YES_AGGRESSIVE;
				CLANG_WARN_UNREACHABLE_CODE = YES;
				CLANG_WARN__DUPLICATE_METHOD_MATCH = YES;
				COPY_PHASE_STRIP = NO;
				DEBUG_INFORMATION_FORMAT = dwarf;
				ENABLE_STRICT_OBJC_MSGSEND = YES;
				ENABLE_TESTABILITY = YES;
				ENABLE_USER_SCRIPT_SANDBOXING = YES;
				GCC_C_LANGUAGE_STANDARD = gnu17;
				GCC_DYNAMIC_NO_PIC = NO;
				GCC_NO_COMMON_BLOCKS = YES;
				GCC_OPTIMIZATION_LEVEL = 0;
				GCC_PREPROCESSOR_DEFINITIONS = (
					"DEBUG=1",
					"$(inherited)",
				);
				GCC_WARN_64_TO_32_BIT_CONVERSION = YES;
				GCC_WARN_ABOUT_RETURN_TYPE = YES_ERROR;
				GCC_WARN_UNDECLARED_SELECTOR = YES;
				GCC_WARN_UNINITIALIZED_AUTOS = YES_AGGRESSIVE;
				GCC_WARN_UNUSED_FUNCTION = YES;
				GCC_WARN_UNUSED_VARIABLE = YES;
				IPHONEOS_DEPLOYMENT_TARGET = 17.0;
				LOCALIZATION_PREFERS_STRING_CATALOGS = YES;
				MTL_ENABLE_DEBUG_INFO = INCLUDE_SOURCE;
				MTL_FAST_MATH = YES;
				ONLY_ACTIVE_ARCH = YES;
				SDKROOT = iphoneos;
				SWIFT_ACTIVE_COMPILATION_CONDITIONS = "DEBUG $(inherited)";
				SWIFT_OPTIMIZATION_LEVEL = "-Onone";
			};
			name = Debug;
		};
		C4DBFFC82AF2504300253DE4 /* Release */ = {
			isa = XCBuildConfiguration;
			buildSettings = {
				ALWAYS_SEARCH_USER_PATHS = NO;
				ASSETCATALOG_COMPILER_GENERATE_SWIFT_ASSET_SYMBOL_EXTENSIONS = YES;
				CLANG_ANALYZER_NONNULL = YES;
				CLANG_ANALYZER_NUMBER_OBJECT_CONVERSION = YES_AGGRESSIVE;
				CLANG_CXX_LANGUAGE_STANDARD = "gnu++20";
				CLANG_ENABLE_MODULES = YES;
				CLANG_ENABLE_OBJC_ARC = YES;
				CLANG_ENABLE_OBJC_WEAK = YES;
				CLANG_WARN_BLOCK_CAPTURE_AUTORELEASING = YES;
				CLANG_WARN_BOOL_CONVERSION = YES;
				CLANG_WARN_COMMA = YES;
				CLANG_WARN_CONSTANT_CONVERSION = YES;
				CLANG_WARN_DEPRECATED_OBJC_IMPLEMENTATIONS = YES;
				CLANG_WARN_DIRECT_OBJC_ISA_USAGE = YES_ERROR;
				CLANG_WARN_DOCUMENTATION_COMMENTS = YES;
				CLANG_WARN_EMPTY_BODY = YES;
				CLANG_WARN_ENUM_CONVERSION = YES;
				CLANG_WARN_INFINITE_RECURSION = YES;
				CLANG_WARN_INT_CONVERSION = YES;
				CLANG_WARN_NON_LITERAL_NULL_CONVERSION = YES;
				CLANG_WARN_OBJC_IMPLICIT_RETAIN_SELF = YES;
				CLANG_WARN_OBJC_LITERAL_CONVERSION = YES;
				CLANG_WARN_OBJC_ROOT_CLASS = YES_ERROR;
				CLANG_WARN_QUOTED_INCLUDE_IN_FRAMEWORK_HEADER = YES;
				CLANG_WARN_RANGE_LOOP_ANALYSIS = YES;
				CLANG_WARN_STRICT_PROTOTYPES = YES;
				CLANG_WARN_SUSPICIOUS_MOVE = YES;
				CLANG_WARN_UNGUARDED_AVAILABILITY = YES_AGGRESSIVE;
				CLANG_WARN_UNREACHABLE_CODE = YES;
				CLANG_WARN__DUPLICATE_METHOD_MATCH = YES;
				COPY_PHASE_STRIP = NO;
				DEBUG_INFORMATION_FORMAT = "dwarf-with-dsym";
				ENABLE_NS_ASSERTIONS = NO;
				ENABLE_STRICT_OBJC_MSGSEND = YES;
				ENABLE_USER_SCRIPT_SANDBOXING = YES;
				GCC_C_LANGUAGE_STANDARD = gnu17;
				GCC_NO_COMMON_BLOCKS = YES;
				GCC_WARN_64_TO_32_BIT_CONVERSION = YES;
				GCC_WARN_ABOUT_RETURN_TYPE = YES_ERROR;
				GCC_WARN_UNDECLARED_SELECTOR = YES;
				GCC_WARN_UNINITIALIZED_AUTOS = YES_AGGRESSIVE;
				GCC_WARN_UNUSED_FUNCTION = YES;
				GCC_WARN_UNUSED_VARIABLE = YES;
				IPHONEOS_DEPLOYMENT_TARGET = 17.0;
				LOCALIZATION_PREFERS_STRING_CATALOGS = YES;
				MTL_ENABLE_DEBUG_INFO = NO;
				MTL_FAST_MATH = YES;
				SDKROOT = iphoneos;
				SWIFT_COMPILATION_MODE = wholemodule;
				VALIDATE_PRODUCT = YES;
			};
			name = Release;
		};
		C4DBFFCA2AF2504300253DE4 /* Debug */ = {
			isa = XCBuildConfiguration;
			buildSettings = {
				ASSETCATALOG_COMPILER_APPICON_NAME = AppIcon;
				ASSETCATALOG_COMPILER_GLOBAL_ACCENT_COLOR_NAME = AccentColor;
				CODE_SIGN_ENTITLEMENTS = "MUSAP-demo-app-ios/MUSAP-demo-app-ios.entitlements";
				CODE_SIGN_STYLE = Automatic;
				CURRENT_PROJECT_VERSION = 1;
				DEVELOPMENT_ASSET_PATHS = "\"MUSAP-demo-app-ios/Preview Content\"";
				DEVELOPMENT_TEAM = 8P3Z9UUPD3;
				ENABLE_PREVIEWS = YES;
				GENERATE_INFOPLIST_FILE = YES;
				INFOPLIST_FILE = "MUSAP-demo-app-ios/Info.plist";
				INFOPLIST_KEY_CFBundleDisplayName = MUSAP;
				INFOPLIST_KEY_LSApplicationCategoryType = "public.app-category.business";
				INFOPLIST_KEY_UIApplicationSceneManifest_Generation = YES;
				INFOPLIST_KEY_UIApplicationSupportsIndirectInputEvents = YES;
				INFOPLIST_KEY_UILaunchScreen_Generation = YES;
				INFOPLIST_KEY_UISupportedInterfaceOrientations = UIInterfaceOrientationPortrait;
				INFOPLIST_KEY_UISupportedInterfaceOrientations_iPad = "UIInterfaceOrientationLandscapeLeft UIInterfaceOrientationLandscapeRight UIInterfaceOrientationPortrait UIInterfaceOrientationPortraitUpsideDown";
				IPHONEOS_DEPLOYMENT_TARGET = 15.0;
				LD_RUNPATH_SEARCH_PATHS = (
					"$(inherited)",
					"@executable_path/Frameworks",
				);
				MARKETING_VERSION = 1.0.0;
				PRODUCT_BUNDLE_IDENTIFIER = "fi.methics.MUSAP-demo-app-ios";
				PRODUCT_NAME = "$(TARGET_NAME)";
				SUPPORTED_PLATFORMS = "iphoneos iphonesimulator";
				SUPPORTS_MACCATALYST = NO;
				SUPPORTS_MAC_DESIGNED_FOR_IPHONE_IPAD = NO;
				SWIFT_EMIT_LOC_STRINGS = YES;
				SWIFT_VERSION = 5.0;
				TARGETED_DEVICE_FAMILY = "1,2";
			};
			name = Debug;
		};
		C4DBFFCB2AF2504300253DE4 /* Release */ = {
			isa = XCBuildConfiguration;
			buildSettings = {
				ASSETCATALOG_COMPILER_APPICON_NAME = AppIcon;
				ASSETCATALOG_COMPILER_GLOBAL_ACCENT_COLOR_NAME = AccentColor;
				CODE_SIGN_ENTITLEMENTS = "MUSAP-demo-app-ios/MUSAP-demo-app-ios.entitlements";
				CODE_SIGN_STYLE = Automatic;
				CURRENT_PROJECT_VERSION = 1;
				DEVELOPMENT_ASSET_PATHS = "\"MUSAP-demo-app-ios/Preview Content\"";
				DEVELOPMENT_TEAM = 8P3Z9UUPD3;
				ENABLE_PREVIEWS = YES;
				GENERATE_INFOPLIST_FILE = YES;
				INFOPLIST_FILE = "MUSAP-demo-app-ios/Info.plist";
				INFOPLIST_KEY_CFBundleDisplayName = MUSAP;
				INFOPLIST_KEY_LSApplicationCategoryType = "public.app-category.business";
				INFOPLIST_KEY_UIApplicationSceneManifest_Generation = YES;
				INFOPLIST_KEY_UIApplicationSupportsIndirectInputEvents = YES;
				INFOPLIST_KEY_UILaunchScreen_Generation = YES;
				INFOPLIST_KEY_UISupportedInterfaceOrientations = UIInterfaceOrientationPortrait;
				INFOPLIST_KEY_UISupportedInterfaceOrientations_iPad = "UIInterfaceOrientationLandscapeLeft UIInterfaceOrientationLandscapeRight UIInterfaceOrientationPortrait UIInterfaceOrientationPortraitUpsideDown";
				IPHONEOS_DEPLOYMENT_TARGET = 15.0;
				LD_RUNPATH_SEARCH_PATHS = (
					"$(inherited)",
					"@executable_path/Frameworks",
				);
				MARKETING_VERSION = 1.0.0;
				PRODUCT_BUNDLE_IDENTIFIER = "fi.methics.MUSAP-demo-app-ios";
				PRODUCT_NAME = "$(TARGET_NAME)";
				SUPPORTED_PLATFORMS = "iphoneos iphonesimulator";
				SUPPORTS_MACCATALYST = NO;
				SUPPORTS_MAC_DESIGNED_FOR_IPHONE_IPAD = NO;
				SWIFT_EMIT_LOC_STRINGS = YES;
				SWIFT_VERSION = 5.0;
				TARGETED_DEVICE_FAMILY = "1,2";
			};
			name = Release;
		};
		C4DBFFCD2AF2504300253DE4 /* Debug */ = {
			isa = XCBuildConfiguration;
			buildSettings = {
				ALWAYS_EMBED_SWIFT_STANDARD_LIBRARIES = YES;
				BUNDLE_LOADER = "$(TEST_HOST)";
				CODE_SIGN_STYLE = Automatic;
				CURRENT_PROJECT_VERSION = 1;
				DEVELOPMENT_TEAM = 8P3Z9UUPD3;
				GENERATE_INFOPLIST_FILE = YES;
				IPHONEOS_DEPLOYMENT_TARGET = 17.0;
				MARKETING_VERSION = 1.0;
				PRODUCT_BUNDLE_IDENTIFIER = "fi.methics.MUSAP-demo-app-iosTests";
				PRODUCT_NAME = "$(TARGET_NAME)";
				SWIFT_EMIT_LOC_STRINGS = NO;
				SWIFT_VERSION = 5.0;
				TARGETED_DEVICE_FAMILY = "1,2";
				TEST_HOST = "$(BUILT_PRODUCTS_DIR)/MUSAP-demo-app-ios.app/$(BUNDLE_EXECUTABLE_FOLDER_PATH)/MUSAP-demo-app-ios";
			};
			name = Debug;
		};
		C4DBFFCE2AF2504300253DE4 /* Release */ = {
			isa = XCBuildConfiguration;
			buildSettings = {
				ALWAYS_EMBED_SWIFT_STANDARD_LIBRARIES = YES;
				BUNDLE_LOADER = "$(TEST_HOST)";
				CODE_SIGN_STYLE = Automatic;
				CURRENT_PROJECT_VERSION = 1;
				DEVELOPMENT_TEAM = 8P3Z9UUPD3;
				GENERATE_INFOPLIST_FILE = YES;
				IPHONEOS_DEPLOYMENT_TARGET = 17.0;
				MARKETING_VERSION = 1.0;
				PRODUCT_BUNDLE_IDENTIFIER = "fi.methics.MUSAP-demo-app-iosTests";
				PRODUCT_NAME = "$(TARGET_NAME)";
				SWIFT_EMIT_LOC_STRINGS = NO;
				SWIFT_VERSION = 5.0;
				TARGETED_DEVICE_FAMILY = "1,2";
				TEST_HOST = "$(BUILT_PRODUCTS_DIR)/MUSAP-demo-app-ios.app/$(BUNDLE_EXECUTABLE_FOLDER_PATH)/MUSAP-demo-app-ios";
			};
			name = Release;
		};
		C4DBFFD02AF2504300253DE4 /* Debug */ = {
			isa = XCBuildConfiguration;
			buildSettings = {
				ALWAYS_EMBED_SWIFT_STANDARD_LIBRARIES = YES;
				CODE_SIGN_STYLE = Automatic;
				CURRENT_PROJECT_VERSION = 1;
				DEVELOPMENT_TEAM = 8P3Z9UUPD3;
				GENERATE_INFOPLIST_FILE = YES;
				MARKETING_VERSION = 1.0;
				PRODUCT_BUNDLE_IDENTIFIER = "fi.methics.MUSAP-demo-app-iosUITests";
				PRODUCT_NAME = "$(TARGET_NAME)";
				SWIFT_EMIT_LOC_STRINGS = NO;
				SWIFT_VERSION = 5.0;
				TARGETED_DEVICE_FAMILY = "1,2";
				TEST_TARGET_NAME = "MUSAP-demo-app-ios";
			};
			name = Debug;
		};
		C4DBFFD12AF2504300253DE4 /* Release */ = {
			isa = XCBuildConfiguration;
			buildSettings = {
				ALWAYS_EMBED_SWIFT_STANDARD_LIBRARIES = YES;
				CODE_SIGN_STYLE = Automatic;
				CURRENT_PROJECT_VERSION = 1;
				DEVELOPMENT_TEAM = 8P3Z9UUPD3;
				GENERATE_INFOPLIST_FILE = YES;
				MARKETING_VERSION = 1.0;
				PRODUCT_BUNDLE_IDENTIFIER = "fi.methics.MUSAP-demo-app-iosUITests";
				PRODUCT_NAME = "$(TARGET_NAME)";
				SWIFT_EMIT_LOC_STRINGS = NO;
				SWIFT_VERSION = 5.0;
				TARGETED_DEVICE_FAMILY = "1,2";
				TEST_TARGET_NAME = "MUSAP-demo-app-ios";
			};
			name = Release;
		};
/* End XCBuildConfiguration section */

/* Begin XCConfigurationList section */
		C4DBFFA02AF2504100253DE4 /* Build configuration list for PBXProject "MUSAP-demo-app-ios" */ = {
			isa = XCConfigurationList;
			buildConfigurations = (
				C4DBFFC72AF2504300253DE4 /* Debug */,
				C4DBFFC82AF2504300253DE4 /* Release */,
			);
			defaultConfigurationIsVisible = 0;
			defaultConfigurationName = Release;
		};
		C4DBFFC92AF2504300253DE4 /* Build configuration list for PBXNativeTarget "MUSAP-demo-app-ios" */ = {
			isa = XCConfigurationList;
			buildConfigurations = (
				C4DBFFCA2AF2504300253DE4 /* Debug */,
				C4DBFFCB2AF2504300253DE4 /* Release */,
			);
			defaultConfigurationIsVisible = 0;
			defaultConfigurationName = Release;
		};
		C4DBFFCC2AF2504300253DE4 /* Build configuration list for PBXNativeTarget "MUSAP-demo-app-iosTests" */ = {
			isa = XCConfigurationList;
			buildConfigurations = (
				C4DBFFCD2AF2504300253DE4 /* Debug */,
				C4DBFFCE2AF2504300253DE4 /* Release */,
			);
			defaultConfigurationIsVisible = 0;
			defaultConfigurationName = Release;
		};
		C4DBFFCF2AF2504300253DE4 /* Build configuration list for PBXNativeTarget "MUSAP-demo-app-iosUITests" */ = {
			isa = XCConfigurationList;
			buildConfigurations = (
				C4DBFFD02AF2504300253DE4 /* Debug */,
				C4DBFFD12AF2504300253DE4 /* Release */,
			);
			defaultConfigurationIsVisible = 0;
			defaultConfigurationName = Release;
		};
/* End XCConfigurationList section */
	};
	rootObject = C4DBFF9D2AF2504100253DE4 /* Project object */;
}
